
Microsoft Visual Studio Solution File, Format Version 12.00
# Visual Studio Version 17
VisualStudioVersion = 17.13.35825.156 d17.13
MinimumVisualStudioVersion = 10.0.40219.1
Project("{FAE04EC0-301F-11D3-BF4B-00C04F79EFBC}") = "Main", "Main\Main.csproj", "{1594E568-814E-470D-95BF-27E09BCD3000}"
EndProject
Global
	GlobalSection(SolutionConfigurationPlatforms) = preSolution
		Debug|Any CPU = Debug|Any CPU
		Release|Any CPU = Release|Any CPU
	EndGlobalSection
	GlobalSection(ProjectConfigurationPlatforms) = postSolution
		{1594E568-814E-470D-95BF-27E09BCD3000}.Debug|Any CPU.ActiveCfg = Debug|Any CPU
		{1594E568-814E-470D-95BF-27E09BCD3000}.Debug|Any CPU.Build.0 = Debug|Any CPU
		{1594E568-814E-470D-95BF-27E09BCD3000}.Release|Any CPU.ActiveCfg = Release|Any CPU
		{1594E568-814E-470D-95BF-27E09BCD3000}.Release|Any CPU.Build.0 = Release|Any CPU
	EndGlobalSection
	GlobalSection(SolutionProperties) = preSolution
		HideSolutionNode = FALSE
	EndGlobalSection
	GlobalSection(ExtensibilityGlobals) = postSolution
		SolutionGuid = {2CB353B2-38AA-4AF1-9274-5533793217D4}
	EndGlobalSection
EndGlobal
