
Microsoft Visual Studio Solution File, Format Version 12.00
# Visual Studio Version 17
VisualStudioVersion = 17.13.35825.156 d17.13
MinimumVisualStudioVersion = 10.0.40219.1
Project("{FAE04EC0-301F-11D3-BF4B-00C04F79EFBC}") = "Main", "Main\Main.csproj", "{C9EDDE26-8682-4375-8C2F-3398A2510C1A}"
EndProject
Global
	GlobalSection(SolutionConfigurationPlatforms) = preSolution
		Debug|Any CPU = Debug|Any CPU
		Release|Any CPU = Release|Any CPU
	EndGlobalSection
	GlobalSection(ProjectConfigurationPlatforms) = postSolution
		{C9EDDE26-8682-4375-8C2F-3398A2510C1A}.Debug|Any CPU.ActiveCfg = Debug|Any CPU
		{C9EDDE26-8682-4375-8C2F-3398A2510C1A}.Debug|Any CPU.Build.0 = Debug|Any CPU
		{C9EDDE26-8682-4375-8C2F-3398A2510C1A}.Release|Any CPU.ActiveCfg = Release|Any CPU
		{C9EDDE26-8682-4375-8C2F-3398A2510C1A}.Release|Any CPU.Build.0 = Release|Any CPU
	EndGlobalSection
	GlobalSection(SolutionProperties) = preSolution
		HideSolutionNode = FALSE
	EndGlobalSection
	GlobalSection(ExtensibilityGlobals) = postSolution
		SolutionGuid = {28D680B7-E4D9-4EE1-B987-28335C545E9C}
	EndGlobalSection
EndGlobal
